
Microsoft Visual Studio Solution File, Format Version 12.00
Project("{FAE04EC0-301F-11D3-BF4B-00C04F79EFBC}") = "ReceiverService", "ReceiverService\ReceiverService.csproj", "{EBED3F9E-46F6-4152-B41C-D0E4A890372B}"
EndProject
Project("{FAE04EC0-301F-11D3-BF4B-00C04F79EFBC}") = "ReceiverServiceTests", "ReceiverServiceTests\ReceiverServiceTests.csproj", "{FF1A9DC3-0800-42EF-84EE-272041BCCFD7}"
EndProject
Global
	GlobalSection(SolutionConfigurationPlatforms) = preSolution
		Debug|Any CPU = Debug|Any CPU
		Release|Any CPU = Release|Any CPU
	EndGlobalSection
	GlobalSection(ProjectConfigurationPlatforms) = postSolution
		{EBED3F9E-46F6-4152-B41C-D0E4A890372B}.Debug|Any CPU.ActiveCfg = Debug|Any CPU
		{EBED3F9E-46F6-4152-B41C-D0E4A890372B}.Debug|Any CPU.Build.0 = Debug|Any CPU
		{EBED3F9E-46F6-4152-B41C-D0E4A890372B}.Release|Any CPU.ActiveCfg = Release|Any CPU
		{EBED3F9E-46F6-4152-B41C-D0E4A890372B}.Release|Any CPU.Build.0 = Release|Any CPU
		{FF1A9DC3-0800-42EF-84EE-272041BCCFD7}.Debug|Any CPU.ActiveCfg = Debug|Any CPU
		{FF1A9DC3-0800-42EF-84EE-272041BCCFD7}.Debug|Any CPU.Build.0 = Debug|Any CPU
		{FF1A9DC3-0800-42EF-84EE-272041BCCFD7}.Release|Any CPU.ActiveCfg = Release|Any CPU
		{FF1A9DC3-0800-42EF-84EE-272041BCCFD7}.Release|Any CPU.Build.0 = Release|Any CPU
	EndGlobalSection
EndGlobal
